
Microsoft Visual Studio Solution File, Format Version 12.00
# Visual Studio Version 16
VisualStudioVersion = 16.0.33801.447
MinimumVisualStudioVersion = 10.0.40219.1
Project("{FAE04EC0-301F-11D3-BF4B-00C04F79EFBC}") = "Lab1-2_SavinDA", "Lab1-2_SavinDA\Lab1-2_SavinDA.csproj", "{F97E4599-EDC2-4A36-B13A-A99259E0134D}"
EndProject
Global
	GlobalSection(SolutionConfigurationPlatforms) = preSolution
		Debug|Any CPU = Debug|Any CPU
		Release|Any CPU = Release|Any CPU
	EndGlobalSection
	GlobalSection(ProjectConfigurationPlatforms) = postSolution
		{F97E4599-EDC2-4A36-B13A-A99259E0134D}.Debug|Any CPU.ActiveCfg = Debug|Any CPU
		{F97E4599-EDC2-4A36-B13A-A99259E0134D}.Debug|Any CPU.Build.0 = Debug|Any CPU
		{F97E4599-EDC2-4A36-B13A-A99259E0134D}.Release|Any CPU.ActiveCfg = Release|Any CPU
		{F97E4599-EDC2-4A36-B13A-A99259E0134D}.Release|Any CPU.Build.0 = Release|Any CPU
	EndGlobalSection
	GlobalSection(SolutionProperties) = preSolution
		HideSolutionNode = FALSE
	EndGlobalSection
	GlobalSection(ExtensibilityGlobals) = postSolution
		SolutionGuid = {C90821AF-966E-4454-BECE-20EA1E8618E0}
	EndGlobalSection
EndGlobal
