
Microsoft Visual Studio Solution File, Format Version 12.00
# Visual Studio Version 16
VisualStudioVersion = 16.0.33801.447
MinimumVisualStudioVersion = 10.0.40219.1
Project("{FAE04EC0-301F-11D3-BF4B-00C04F79EFBC}") = "Lab2__SavinDA", "Lab2__SavinDA\Lab2__SavinDA.csproj", "{319F6547-30C7-4CB7-95C5-FAE7E23A800B}"
EndProject
Global
	GlobalSection(SolutionConfigurationPlatforms) = preSolution
		Debug|Any CPU = Debug|Any CPU
		Release|Any CPU = Release|Any CPU
	EndGlobalSection
	GlobalSection(ProjectConfigurationPlatforms) = postSolution
		{319F6547-30C7-4CB7-95C5-FAE7E23A800B}.Debug|Any CPU.ActiveCfg = Debug|Any CPU
		{319F6547-30C7-4CB7-95C5-FAE7E23A800B}.Debug|Any CPU.Build.0 = Debug|Any CPU
		{319F6547-30C7-4CB7-95C5-FAE7E23A800B}.Release|Any CPU.ActiveCfg = Release|Any CPU
		{319F6547-30C7-4CB7-95C5-FAE7E23A800B}.Release|Any CPU.Build.0 = Release|Any CPU
	EndGlobalSection
	GlobalSection(SolutionProperties) = preSolution
		HideSolutionNode = FALSE
	EndGlobalSection
	GlobalSection(ExtensibilityGlobals) = postSolution
		SolutionGuid = {9E1883B9-C49E-4329-B895-EAA84E1DB9CD}
	EndGlobalSection
EndGlobal
